
Microsoft Visual Studio Solution File, Format Version 12.00
# Visual Studio Version 16
VisualStudioVersion = 16.0.31702.278
MinimumVisualStudioVersion = 10.0.40219.1
Project("{8BC9CEB8-8B4A-11D0-8D11-00A0C91BC942}") = "Connect SqlLite", "Connect SqlLite\Connect SqlLite.vcxproj", "{921945D4-79EC-4DE4-9E1B-7F5FAFA3AAC9}"
EndProject
Global
	GlobalSection(SolutionConfigurationPlatforms) = preSolution
		Debug|x64 = Debug|x64
		Release|x64 = Release|x64
	EndGlobalSection
	GlobalSection(ProjectConfigurationPlatforms) = postSolution
		{921945D4-79EC-4DE4-9E1B-7F5FAFA3AAC9}.Debug|x64.ActiveCfg = Debug|x64
		{921945D4-79EC-4DE4-9E1B-7F5FAFA3AAC9}.Debug|x64.Build.0 = Debug|x64
		{921945D4-79EC-4DE4-9E1B-7F5FAFA3AAC9}.Release|x64.ActiveCfg = Release|x64
		{921945D4-79EC-4DE4-9E1B-7F5FAFA3AAC9}.Release|x64.Build.0 = Release|x64
	EndGlobalSection
	GlobalSection(SolutionProperties) = preSolution
		HideSolutionNode = FALSE
	EndGlobalSection
	GlobalSection(ExtensibilityGlobals) = postSolution
		SolutionGuid = {C191363C-5324-4939-B6CF-F9623B0A06A9}
	EndGlobalSection
EndGlobal
